
Microsoft Visual Studio Solution File, Format Version 12.00
Project("{2150E333-8FDC-42A3-9474-1A3956D46DE8}") = "Solution Items", "Solution Items", "{E4DE6134-3367-428E-95E7-C66EDF502EC4}"
ProjectSection(SolutionItems) = preProject
	.gitignore = .gitignore
	LICENSE = LICENSE
	README.md = README.md
	GitVersion.yml = GitVersion.yml
EndProjectSection
EndProject
Project("{FAE04EC0-301F-11D3-BF4B-00C04F79EFBC}") = "GraphQL.OData", "GraphQL.OData\GraphQL.OData.csproj", "{2E7F4C2E-C62A-498D-8CB7-A687D68C3EDB}"
EndProject
Project("{FAE04EC0-301F-11D3-BF4B-00C04F79EFBC}") = "GraphQL.OData.Annotations", "GraphQL.OData.Annotations\GraphQL.OData.Annotations.csproj", "{9FB7BC03-21E5-4C5E-862D-ED4CD7A13078}"
EndProject
Project("{FAE04EC0-301F-11D3-BF4B-00C04F79EFBC}") = "GraphQL.OData.Example.MSGraph", "GraphQL.OData.Example.MSGraph\GraphQL.OData.Example.MSGraph.csproj", "{65AE5A95-76EF-4EDA-B991-796D9564F8B8}"
EndProject
Global
	GlobalSection(SolutionConfigurationPlatforms) = preSolution
		Debug|Any CPU = Debug|Any CPU
		Release|Any CPU = Release|Any CPU
	EndGlobalSection
	GlobalSection(ProjectConfigurationPlatforms) = postSolution
		{2E7F4C2E-C62A-498D-8CB7-A687D68C3EDB}.Debug|Any CPU.ActiveCfg = Debug|Any CPU
		{2E7F4C2E-C62A-498D-8CB7-A687D68C3EDB}.Debug|Any CPU.Build.0 = Debug|Any CPU
		{2E7F4C2E-C62A-498D-8CB7-A687D68C3EDB}.Release|Any CPU.ActiveCfg = Release|Any CPU
		{2E7F4C2E-C62A-498D-8CB7-A687D68C3EDB}.Release|Any CPU.Build.0 = Release|Any CPU
		{9FB7BC03-21E5-4C5E-862D-ED4CD7A13078}.Debug|Any CPU.ActiveCfg = Debug|Any CPU
		{9FB7BC03-21E5-4C5E-862D-ED4CD7A13078}.Debug|Any CPU.Build.0 = Debug|Any CPU
		{9FB7BC03-21E5-4C5E-862D-ED4CD7A13078}.Release|Any CPU.ActiveCfg = Release|Any CPU
		{9FB7BC03-21E5-4C5E-862D-ED4CD7A13078}.Release|Any CPU.Build.0 = Release|Any CPU
		{65AE5A95-76EF-4EDA-B991-796D9564F8B8}.Debug|Any CPU.ActiveCfg = Debug|Any CPU
		{65AE5A95-76EF-4EDA-B991-796D9564F8B8}.Debug|Any CPU.Build.0 = Debug|Any CPU
		{65AE5A95-76EF-4EDA-B991-796D9564F8B8}.Release|Any CPU.ActiveCfg = Release|Any CPU
		{65AE5A95-76EF-4EDA-B991-796D9564F8B8}.Release|Any CPU.Build.0 = Release|Any CPU
	EndGlobalSection
EndGlobal
